
Microsoft Visual Studio Solution File, Format Version 12.00
# Visual Studio Version 17
VisualStudioVersion = 17.10.34928.147
MinimumVisualStudioVersion = 10.0.40219.1
Project("{FAE04EC0-301F-11D3-BF4B-00C04F79EFBC}") = "HashtableApp", "HashtableApp\HashtableApp.csproj", "{5103A0ED-5A47-40B5-B00D-346253BA5268}"
EndProject
Global
	GlobalSection(SolutionConfigurationPlatforms) = preSolution
		Debug|Any CPU = Debug|Any CPU
		Release|Any CPU = Release|Any CPU
	EndGlobalSection
	GlobalSection(ProjectConfigurationPlatforms) = postSolution
		{5103A0ED-5A47-40B5-B00D-346253BA5268}.Debug|Any CPU.ActiveCfg = Debug|Any CPU
		{5103A0ED-5A47-40B5-B00D-346253BA5268}.Debug|Any CPU.Build.0 = Debug|Any CPU
		{5103A0ED-5A47-40B5-B00D-346253BA5268}.Release|Any CPU.ActiveCfg = Release|Any CPU
		{5103A0ED-5A47-40B5-B00D-346253BA5268}.Release|Any CPU.Build.0 = Release|Any CPU
	EndGlobalSection
	GlobalSection(SolutionProperties) = preSolution
		HideSolutionNode = FALSE
	EndGlobalSection
	GlobalSection(ExtensibilityGlobals) = postSolution
		SolutionGuid = {9F1AE364-3419-489E-A951-8EB1094D510D}
	EndGlobalSection
EndGlobal
